// !$*UTF8*$!
{
	archiveVersion = 1;
	classes = {
	};
	objectVersion = 56;
	objects = {

/* Begin PBXBuildFile section */
		B43B557B2B56E9D7004DBB7E /* AppDelegate.swift in Sources */ = {isa = PBXBuildFile; fileRef = B43B557A2B56E9D7004DBB7E /* AppDelegate.swift */; };
		B43B557D2B56E9D7004DBB7E /* SceneDelegate.swift in Sources */ = {isa = PBXBuildFile; fileRef = B43B557C2B56E9D7004DBB7E /* SceneDelegate.swift */; };
		B43B557F2B56E9D7004DBB7E /* ViewController.swift in Sources */ = {isa = PBXBuildFile; fileRef = B43B557E2B56E9D7004DBB7E /* ViewController.swift */; };
		B43B55822B56E9D7004DBB7E /* Main.storyboard in Resources */ = {isa = PBXBuildFile; fileRef = B43B55802B56E9D7004DBB7E /* Main.storyboard */; };
		B43B55842B56E9D8004DBB7E /* Assets.xcassets in Resources */ = {isa = PBXBuildFile; fileRef = B43B55832B56E9D8004DBB7E /* Assets.xcassets */; };
		B43B55872B56E9D8004DBB7E /* LaunchScreen.storyboard in Resources */ = {isa = PBXBuildFile; fileRef = B43B55852B56E9D8004DBB7E /* LaunchScreen.storyboard */; };
		B43B55922B56E9D8004DBB7E /* NameChangeDemoTests.swift in Sources */ = {isa = PBXBuildFile; fileRef = B43B55912B56E9D8004DBB7E /* NameChangeDemoTests.swift */; };
		B43B559C2B56E9D8004DBB7E /* NameChangeDemoUITests.swift in Sources */ = {isa = PBXBuildFile; fileRef = B43B559B2B56E9D8004DBB7E /* NameChangeDemoUITests.swift */; };
		B43B559E2B56E9D8004DBB7E /* NameChangeDemoUITestsLaunchTests.swift in Sources */ = {isa = PBXBuildFile; fileRef = B43B559D2B56E9D8004DBB7E /* NameChangeDemoUITestsLaunchTests.swift */; };
/* End PBXBuildFile section */

/* Begin PBXContainerItemProxy section */
		B43B558E2B56E9D8004DBB7E /* PBXContainerItemProxy */ = {
			isa = PBXContainerItemProxy;
			containerPortal = B43B556F2B56E9D6004DBB7E /* Project object */;
			proxyType = 1;
			remoteGlobalIDString = B43B55762B56E9D6004DBB7E;
			remoteInfo = NameChangeDemo;
		};
		B43B55982B56E9D8004DBB7E /* PBXContainerItemProxy */ = {
			isa = PBXContainerItemProxy;
			containerPortal = B43B556F2B56E9D6004DBB7E /* Project object */;
			proxyType = 1;
			remoteGlobalIDString = B43B55762B56E9D6004DBB7E;
			remoteInfo = NameChangeDemo;
		};
/* End PBXContainerItemProxy section */

/* Begin PBXFileReference section */
		B43B55772B56E9D6004DBB7E /* NameChangeDemo.app */ = {isa = PBXFileReference; explicitFileType = wrapper.application; includeInIndex = 0; path = NameChangeDemo.app; sourceTree = BUILT_PRODUCTS_DIR; };
		B43B557A2B56E9D7004DBB7E /* AppDelegate.swift */ = {isa = PBXFileReference; lastKnownFileType = sourcecode.swift; path = AppDelegate.swift; sourceTree = "<group>"; };
		B43B557C2B56E9D7004DBB7E /* SceneDelegate.swift */ = {isa = PBXFileReference; lastKnownFileType = sourcecode.swift; path = SceneDelegate.swift; sourceTree = "<group>"; };
		B43B557E2B56E9D7004DBB7E /* ViewController.swift */ = {isa = PBXFileReference; lastKnownFileType = sourcecode.swift; path = ViewController.swift; sourceTree = "<group>"; };
		B43B55812B56E9D7004DBB7E /* Base */ = {isa = PBXFileReference; lastKnownFileType = file.storyboard; name = Base; path = Base.lproj/Main.storyboard; sourceTree = "<group>"; };
		B43B55832B56E9D8004DBB7E /* Assets.xcassets */ = {isa = PBXFileReference; lastKnownFileType = folder.assetcatalog; path = Assets.xcassets; sourceTree = "<group>"; };
		B43B55862B56E9D8004DBB7E /* Base */ = {isa = PBXFileReference; lastKnownFileType = file.storyboard; name = Base; path = Base.lproj/LaunchScreen.storyboard; sourceTree = "<group>"; };
		B43B55882B56E9D8004DBB7E /* Info.plist */ = {isa = PBXFileReference; lastKnownFileType = text.plist.xml; path = Info.plist; sourceTree = "<group>"; };
		B43B558D2B56E9D8004DBB7E /* NameChangeDemoTests.xctest */ = {isa = PBXFileReference; explicitFileType = wrapper.cfbundle; includeInIndex = 0; path = NameChangeDemoTests.xctest; sourceTree = BUILT_PRODUCTS_DIR; };
		B43B55912B56E9D8004DBB7E /* NameChangeDemoTests.swift */ = {isa = PBXFileReference; lastKnownFileType = sourcecode.swift; path = NameChangeDemoTests.swift; sourceTree = "<group>"; };
		B43B55972B56E9D8004DBB7E /* NameChangeDemoUITests.xctest */ = {isa = PBXFileReference; explicitFileType = wrapper.cfbundle; includeInIndex = 0; path = NameChangeDemoUITests.xctest; sourceTree = BUILT_PRODUCTS_DIR; };
		B43B559B2B56E9D8004DBB7E /* NameChangeDemoUITests.swift */ = {isa = PBXFileReference; lastKnownFileType = sourcecode.swift; path = NameChangeDemoUITests.swift; sourceTree = "<group>"; };
		B43B559D2B56E9D8004DBB7E /* NameChangeDemoUITestsLaunchTests.swift */ = {isa = PBXFileReference; lastKnownFileType = sourcecode.swift; path = NameChangeDemoUITestsLaunchTests.swift; sourceTree = "<group>"; };
/* End PBXFileReference section */

/* Begin PBXFrameworksBuildPhase section */
		B43B55742B56E9D6004DBB7E /* Frameworks */ = {
			isa = PBXFrameworksBuildPhase;
			buildActionMask = 2147483647;
			files = (
			);
			runOnlyForDeploymentPostprocessing = 0;
		};
		B43B558A2B56E9D8004DBB7E /* Frameworks */ = {
			isa = PBXFrameworksBuildPhase;
			buildActionMask = 2147483647;
			files = (
			);
			runOnlyForDeploymentPostprocessing = 0;
		};
		B43B55942B56E9D8004DBB7E /* Frameworks */ = {
			isa = PBXFrameworksBuildPhase;
			buildActionMask = 2147483647;
			files = (
			);
			runOnlyForDeploymentPostprocessing = 0;
		};
/* End PBXFrameworksBuildPhase section */

/* Begin PBXGroup section */
		B43B556E2B56E9D6004DBB7E = {
			isa = PBXGroup;
			children = (
				B43B55792B56E9D7004DBB7E /* NameChangeDemo */,
				B43B55902B56E9D8004DBB7E /* NameChangeDemoTests */,
				B43B559A2B56E9D8004DBB7E /* NameChangeDemoUITests */,
				B43B55782B56E9D6004DBB7E /* Products */,
			);
			sourceTree = "<group>";
		};
		B43B55782B56E9D6004DBB7E /* Products */ = {
			isa = PBXGroup;
			children = (
				B43B55772B56E9D6004DBB7E /* NameChangeDemo.app */,
				B43B558D2B56E9D8004DBB7E /* NameChangeDemoTests.xctest */,
				B43B55972B56E9D8004DBB7E /* NameChangeDemoUITests.xctest */,
			);
			name = Products;
			sourceTree = "<group>";
		};
		B43B55792B56E9D7004DBB7E /* NameChangeDemo */ = {
			isa = PBXGroup;
			children = (
				B43B557A2B56E9D7004DBB7E /* AppDelegate.swift */,
				B43B557C2B56E9D7004DBB7E /* SceneDelegate.swift */,
				B43B557E2B56E9D7004DBB7E /* ViewController.swift */,
				B43B55802B56E9D7004DBB7E /* Main.storyboard */,
				B43B55832B56E9D8004DBB7E /* Assets.xcassets */,
				B43B55852B56E9D8004DBB7E /* LaunchScreen.storyboard */,
				B43B55882B56E9D8004DBB7E /* Info.plist */,
			);
			path = NameChangeDemo;
			sourceTree = "<group>";
		};
		B43B55902B56E9D8004DBB7E /* NameChangeDemoTests */ = {
			isa = PBXGroup;
			children = (
				B43B55912B56E9D8004DBB7E /* NameChangeDemoTests.swift */,
			);
			path = NameChangeDemoTests;
			sourceTree = "<group>";
		};
		B43B559A2B56E9D8004DBB7E /* NameChangeDemoUITests */ = {
			isa = PBXGroup;
			children = (
				B43B559B2B56E9D8004DBB7E /* NameChangeDemoUITests.swift */,
				B43B559D2B56E9D8004DBB7E /* NameChangeDemoUITestsLaunchTests.swift */,
			);
			path = NameChangeDemoUITests;
			sourceTree = "<group>";
		};
/* End PBXGroup section */

/* Begin PBXNativeTarget section */
		B43B55762B56E9D6004DBB7E /* NameChangeDemo */ = {
			isa = PBXNativeTarget;
			buildConfigurationList = B43B55A12B56E9D8004DBB7E /* Build configuration list for PBXNativeTarget "NameChangeDemo" */;
			buildPhases = (
				B43B55732B56E9D6004DBB7E /* Sources */,
				B43B55742B56E9D6004DBB7E /* Frameworks */,
				B43B55752B56E9D6004DBB7E /* Resources */,
			);
			buildRules = (
			);
			dependencies = (
			);
			name = NameChangeDemo;
			productName = NameChangeDemo;
			productReference = B43B55772B56E9D6004DBB7E /* NameChangeDemo.app */;
			productType = "com.apple.product-type.application";
		};
		B43B558C2B56E9D8004DBB7E /* NameChangeDemoTests */ = {
			isa = PBXNativeTarget;
			buildConfigurationList = B43B55A42B56E9D8004DBB7E /* Build configuration list for PBXNativeTarget "NameChangeDemoTests" */;
			buildPhases = (
				B43B55892B56E9D8004DBB7E /* Sources */,
				B43B558A2B56E9D8004DBB7E /* Frameworks */,
				B43B558B2B56E9D8004DBB7E /* Resources */,
			);
			buildRules = (
			);
			dependencies = (
				B43B558F2B56E9D8004DBB7E /* PBXTargetDependency */,
			);
			name = NameChangeDemoTests;
			productName = NameChangeDemoTests;
			productReference = B43B558D2B56E9D8004DBB7E /* NameChangeDemoTests.xctest */;
			productType = "com.apple.product-type.bundle.unit-test";
		};
		B43B55962B56E9D8004DBB7E /* NameChangeDemoUITests */ = {
			isa = PBXNativeTarget;
			buildConfigurationList = B43B55A72B56E9D8004DBB7E /* Build configuration list for PBXNativeTarget "NameChangeDemoUITests" */;
			buildPhases = (
				B43B55932B56E9D8004DBB7E /* Sources */,
				B43B55942B56E9D8004DBB7E /* Frameworks */,
				B43B55952B56E9D8004DBB7E /* Resources */,
			);
			buildRules = (
			);
			dependencies = (
				B43B55992B56E9D8004DBB7E /* PBXTargetDependency */,
			);
			name = NameChangeDemoUITests;
			productName = NameChangeDemoUITests;
			productReference = B43B55972B56E9D8004DBB7E /* NameChangeDemoUITests.xctest */;
			productType = "com.apple.product-type.bundle.ui-testing";
		};
/* End PBXNativeTarget section */

/* Begin PBXProject section */
		B43B556F2B56E9D6004DBB7E /* Project object */ = {
			isa = PBXProject;
			attributes = {
				BuildIndependentTargetsInParallel = 1;
				LastSwiftUpdateCheck = 1500;
				LastUpgradeCheck = 1500;
				TargetAttributes = {
					B43B55762B56E9D6004DBB7E = {
						CreatedOnToolsVersion = 15.0.1;
					};
					B43B558C2B56E9D8004DBB7E = {
						CreatedOnToolsVersion = 15.0.1;
						TestTargetID = B43B55762B56E9D6004DBB7E;
					};
					B43B55962B56E9D8004DBB7E = {
						CreatedOnToolsVersion = 15.0.1;
						TestTargetID = B43B55762B56E9D6004DBB7E;
					};
				};
			};
			buildConfigurationList = B43B55722B56E9D6004DBB7E /* Build configuration list for PBXProject "NameChangeDemo" */;
			compatibilityVersion = "Xcode 14.0";
			developmentRegion = en;
			hasScannedForEncodings = 0;
			knownRegions = (
				en,
				Base,
			);
			mainGroup = B43B556E2B56E9D6004DBB7E;
			productRefGroup = B43B55782B56E9D6004DBB7E /* Products */;
			projectDirPath = "";
			projectRoot = "";
			targets = (
				B43B55762B56E9D6004DBB7E /* NameChangeDemo */,
				B43B558C2B56E9D8004DBB7E /* NameChangeDemoTests */,
				B43B55962B56E9D8004DBB7E /* NameChangeDemoUITests */,
			);
		};
/* End PBXProject section */

/* Begin PBXResourcesBuildPhase section */
		B43B55752B56E9D6004DBB7E /* Resources */ = {
			isa = PBXResourcesBuildPhase;
			buildActionMask = 2147483647;
			files = (
				B43B55872B56E9D8004DBB7E /* LaunchScreen.storyboard in Resources */,
				B43B55842B56E9D8004DBB7E /* Assets.xcassets in Resources */,
				B43B55822B56E9D7004DBB7E /* Main.storyboard in Resources */,
			);
			runOnlyForDeploymentPostprocessing = 0;
		};
		B43B558B2B56E9D8004DBB7E /* Resources */ = {
			isa = PBXResourcesBuildPhase;
			buildActionMask = 2147483647;
			files = (
			);
			runOnlyForDeploymentPostprocessing = 0;
		};
		B43B55952B56E9D8004DBB7E /* Resources */ = {
			isa = PBXResourcesBuildPhase;
			buildActionMask = 2147483647;
			files = (
			);
			runOnlyForDeploymentPostprocessing = 0;
		};
/* End PBXResourcesBuildPhase section */

/* Begin PBXSourcesBuildPhase section */
		B43B55732B56E9D6004DBB7E /* Sources */ = {
			isa = PBXSourcesBuildPhase;
			buildActionMask = 2147483647;
			files = (
				B43B557F2B56E9D7004DBB7E /* ViewController.swift in Sources */,
				B43B557B2B56E9D7004DBB7E /* AppDelegate.swift in Sources */,
				B43B557D2B56E9D7004DBB7E /* SceneDelegate.swift in Sources */,
			);
			runOnlyForDeploymentPostprocessing = 0;
		};
		B43B55892B56E9D8004DBB7E /* Sources */ = {
			isa = PBXSourcesBuildPhase;
			buildActionMask = 2147483647;
			files = (
				B43B55922B56E9D8004DBB7E /* NameChangeDemoTests.swift in Sources */,
			);
			runOnlyForDeploymentPostprocessing = 0;
		};
		B43B55932B56E9D8004DBB7E /* Sources */ = {
			isa = PBXSourcesBuildPhase;
			buildActionMask = 2147483647;
			files = (
				B43B559E2B56E9D8004DBB7E /* NameChangeDemoUITestsLaunchTests.swift in Sources */,
				B43B559C2B56E9D8004DBB7E /* NameChangeDemoUITests.swift in Sources */,
			);
			runOnlyForDeploymentPostprocessing = 0;
		};
/* End PBXSourcesBuildPhase section */

/* Begin PBXTargetDependency section */
		B43B558F2B56E9D8004DBB7E /* PBXTargetDependency */ = {
			isa = PBXTargetDependency;
			target = B43B55762B56E9D6004DBB7E /* NameChangeDemo */;
			targetProxy = B43B558E2B56E9D8004DBB7E /* PBXContainerItemProxy */;
		};
		B43B55992B56E9D8004DBB7E /* PBXTargetDependency */ = {
			isa = PBXTargetDependency;
			target = B43B55762B56E9D6004DBB7E /* NameChangeDemo */;
			targetProxy = B43B55982B56E9D8004DBB7E /* PBXContainerItemProxy */;
		};
/* End PBXTargetDependency section */

/* Begin PBXVariantGroup section */
		B43B55802B56E9D7004DBB7E /* Main.storyboard */ = {
			isa = PBXVariantGroup;
			children = (
				B43B55812B56E9D7004DBB7E /* Base */,
			);
			name = Main.storyboard;
			sourceTree = "<group>";
		};
		B43B55852B56E9D8004DBB7E /* LaunchScreen.storyboard */ = {
			isa = PBXVariantGroup;
			children = (
				B43B55862B56E9D8004DBB7E /* Base */,
			);
			name = LaunchScreen.storyboard;
			sourceTree = "<group>";
		};
/* End PBXVariantGroup section */

/* Begin XCBuildConfiguration section */
		B43B559F2B56E9D8004DBB7E /* Debug */ = {
			isa = XCBuildConfiguration;
			buildSettings = {
				ALWAYS_SEARCH_USER_PATHS = NO;
				ASSETCATALOG_COMPILER_GENERATE_SWIFT_ASSET_SYMBOL_EXTENSIONS = YES;
				CLANG_ANALYZER_NONNULL = YES;
				CLANG_ANALYZER_NUMBER_OBJECT_CONVERSION = YES_AGGRESSIVE;
				CLANG_CXX_LANGUAGE_STANDARD = "gnu++20";
				CLANG_ENABLE_MODULES = YES;
				CLANG_ENABLE_OBJC_ARC = YES;
				CLANG_ENABLE_OBJC_WEAK = YES;
				CLANG_WARN_BLOCK_CAPTURE_AUTORELEASING = YES;
				CLANG_WARN_BOOL_CONVERSION = YES;
				CLANG_WARN_COMMA = YES;
				CLANG_WARN_CONSTANT_CONVERSION = YES;
				CLANG_WARN_DEPRECATED_OBJC_IMPLEMENTATIONS = YES;
				CLANG_WARN_DIRECT_OBJC_ISA_USAGE = YES_ERROR;
				CLANG_WARN_DOCUMENTATION_COMMENTS = YES;
				CLANG_WARN_EMPTY_BODY = YES;
				CLANG_WARN_ENUM_CONVERSION = YES;
				CLANG_WARN_INFINITE_RECURSION = YES;
				CLANG_WARN_INT_CONVERSION = YES;
				CLANG_WARN_NON_LITERAL_NULL_CONVERSION = YES;
				CLANG_WARN_OBJC_IMPLICIT_RETAIN_SELF = YES;
				CLANG_WARN_OBJC_LITERAL_CONVERSION = YES;
				CLANG_WARN_OBJC_ROOT_CLASS = YES_ERROR;
				CLANG_WARN_QUOTED_INCLUDE_IN_FRAMEWORK_HEADER = YES;
				CLANG_WARN_RANGE_LOOP_ANALYSIS = YES;
				CLANG_WARN_STRICT_PROTOTYPES = YES;
				CLANG_WARN_SUSPICIOUS_MOVE = YES;
				CLANG_WARN_UNGUARDED_AVAILABILITY = YES_AGGRESSIVE;
				CLANG_WARN_UNREACHABLE_CODE = YES;
				CLANG_WARN__DUPLICATE_METHOD_MATCH = YES;
				COPY_PHASE_STRIP = NO;
				DEBUG_INFORMATION_FORMAT = dwarf;
				ENABLE_STRICT_OBJC_MSGSEND = YES;
				ENABLE_TESTABILITY = YES;
				ENABLE_USER_SCRIPT_SANDBOXING = YES;
				GCC_C_LANGUAGE_STANDARD = gnu17;
				GCC_DYNAMIC_NO_PIC = NO;
				GCC_NO_COMMON_BLOCKS = YES;
				GCC_OPTIMIZATION_LEVEL = 0;
				GCC_PREPROCESSOR_DEFINITIONS = (
					"DEBUG=1",
					"$(inherited)",
				);
				GCC_WARN_64_TO_32_BIT_CONVERSION = YES;
				GCC_WARN_ABOUT_RETURN_TYPE = YES_ERROR;
				GCC_WARN_UNDECLARED_SELECTOR = YES;
				GCC_WARN_UNINITIALIZED_AUTOS = YES_AGGRESSIVE;
				GCC_WARN_UNUSED_FUNCTION = YES;
				GCC_WARN_UNUSED_VARIABLE = YES;
				IPHONEOS_DEPLOYMENT_TARGET = 17.0;
				LOCALIZATION_PREFERS_STRING_CATALOGS = YES;
				MTL_ENABLE_DEBUG_INFO = INCLUDE_SOURCE;
				MTL_FAST_MATH = YES;
				ONLY_ACTIVE_ARCH = YES;
				SDKROOT = iphoneos;
				SWIFT_ACTIVE_COMPILATION_CONDITIONS = "DEBUG $(inherited)";
				SWIFT_OPTIMIZATION_LEVEL = "-Onone";
			};
			name = Debug;
		};
		B43B55A02B56E9D8004DBB7E /* Release */ = {
			isa = XCBuildConfiguration;
			buildSettings = {
				ALWAYS_SEARCH_USER_PATHS = NO;
				ASSETCATALOG_COMPILER_GENERATE_SWIFT_ASSET_SYMBOL_EXTENSIONS = YES;
				CLANG_ANALYZER_NONNULL = YES;
				CLANG_ANALYZER_NUMBER_OBJECT_CONVERSION = YES_AGGRESSIVE;
				CLANG_CXX_LANGUAGE_STANDARD = "gnu++20";
				CLANG_ENABLE_MODULES = YES;
				CLANG_ENABLE_OBJC_ARC = YES;
				CLANG_ENABLE_OBJC_WEAK = YES;
				CLANG_WARN_BLOCK_CAPTURE_AUTORELEASING = YES;
				CLANG_WARN_BOOL_CONVERSION = YES;
				CLANG_WARN_COMMA = YES;
				CLANG_WARN_CONSTANT_CONVERSION = YES;
				CLANG_WARN_DEPRECATED_OBJC_IMPLEMENTATIONS = YES;
				CLANG_WARN_DIRECT_OBJC_ISA_USAGE = YES_ERROR;
				CLANG_WARN_DOCUMENTATION_COMMENTS = YES;
				CLANG_WARN_EMPTY_BODY = YES;
				CLANG_WARN_ENUM_CONVERSION = YES;
				CLANG_WARN_INFINITE_RECURSION = YES;
				CLANG_WARN_INT_CONVERSION = YES;
				CLANG_WARN_NON_LITERAL_NULL_CONVERSION = YES;
				CLANG_WARN_OBJC_IMPLICIT_RETAIN_SELF = YES;
				CLANG_WARN_OBJC_LITERAL_CONVERSION = YES;
				CLANG_WARN_OBJC_ROOT_CLASS = YES_ERROR;
				CLANG_WARN_QUOTED_INCLUDE_IN_FRAMEWORK_HEADER = YES;
				CLANG_WARN_RANGE_LOOP_ANALYSIS = YES;
				CLANG_WARN_STRICT_PROTOTYPES = YES;
				CLANG_WARN_SUSPICIOUS_MOVE = YES;
				CLANG_WARN_UNGUARDED_AVAILABILITY = YES_AGGRESSIVE;
				CLANG_WARN_UNREACHABLE_CODE = YES;
				CLANG_WARN__DUPLICATE_METHOD_MATCH = YES;
				COPY_PHASE_STRIP = NO;
				DEBUG_INFORMATION_FORMAT = "dwarf-with-dsym";
				ENABLE_NS_ASSERTIONS = NO;
				ENABLE_STRICT_OBJC_MSGSEND = YES;
				ENABLE_USER_SCRIPT_SANDBOXING = YES;
				GCC_C_LANGUAGE_STANDARD = gnu17;
				GCC_NO_COMMON_BLOCKS = YES;
				GCC_WARN_64_TO_32_BIT_CONVERSION = YES;
				GCC_WARN_ABOUT_RETURN_TYPE = YES_ERROR;
				GCC_WARN_UNDECLARED_SELECTOR = YES;
				GCC_WARN_UNINITIALIZED_AUTOS = YES_AGGRESSIVE;
				GCC_WARN_UNUSED_FUNCTION = YES;
				GCC_WARN_UNUSED_VARIABLE = YES;
				IPHONEOS_DEPLOYMENT_TARGET = 17.0;
				LOCALIZATION_PREFERS_STRING_CATALOGS = YES;
				MTL_ENABLE_DEBUG_INFO = NO;
				MTL_FAST_MATH = YES;
				SDKROOT = iphoneos;
				SWIFT_COMPILATION_MODE = wholemodule;
				VALIDATE_PRODUCT = YES;
			};
			name = Release;
		};
		B43B55A22B56E9D8004DBB7E /* Debug */ = {
			isa = XCBuildConfiguration;
			buildSettings = {
				ASSETCATALOG_COMPILER_APPICON_NAME = AppIcon;
				ASSETCATALOG_COMPILER_GLOBAL_ACCENT_COLOR_NAME = AccentColor;
				CODE_SIGN_STYLE = Automatic;
				CURRENT_PROJECT_VERSION = 1;
				GENERATE_INFOPLIST_FILE = YES;
				INFOPLIST_FILE = NameChangeDemo/Info.plist;
				INFOPLIST_KEY_UIApplicationSupportsIndirectInputEvents = YES;
				INFOPLIST_KEY_UILaunchStoryboardName = LaunchScreen;
				INFOPLIST_KEY_UIMainStoryboardFile = Main;
				INFOPLIST_KEY_UISupportedInterfaceOrientations_iPad = "UIInterfaceOrientationPortrait UIInterfaceOrientationPortraitUpsideDown UIInterfaceOrientationLandscapeLeft UIInterfaceOrientationLandscapeRight";
				INFOPLIST_KEY_UISupportedInterfaceOrientations_iPhone = "UIInterfaceOrientationPortrait UIInterfaceOrientationLandscapeLeft UIInterfaceOrientationLandscapeRight";
				LD_RUNPATH_SEARCH_PATHS = (
					"$(inherited)",
					"@executable_path/Frameworks",
				);
				MARKETING_VERSION = 1.0;
				PRODUCT_BUNDLE_IDENTIFIER = abc.NameChangeDemo;
				PRODUCT_NAME = "$(TARGET_NAME)";
				SWIFT_EMIT_LOC_STRINGS = YES;
				SWIFT_VERSION = 5.0;
				TARGETED_DEVICE_FAMILY = "1,2";
			};
			name = Debug;
		};
		B43B55A32B56E9D8004DBB7E /* Release */ = {
			isa = XCBuildConfiguration;
			buildSettings = {
				ASSETCATALOG_COMPILER_APPICON_NAME = AppIcon;
				ASSETCATALOG_COMPILER_GLOBAL_ACCENT_COLOR_NAME = AccentColor;
				CODE_SIGN_STYLE = Automatic;
				CURRENT_PROJECT_VERSION = 1;
				GENERATE_INFOPLIST_FILE = YES;
				INFOPLIST_FILE = NameChangeDemo/Info.plist;
				INFOPLIST_KEY_UIApplicationSupportsIndirectInputEvents = YES;
				INFOPLIST_KEY_UILaunchStoryboardName = LaunchScreen;
				INFOPLIST_KEY_UIMainStoryboardFile = Main;
				INFOPLIST_KEY_UISupportedInterfaceOrientations_iPad = "UIInterfaceOrientationPortrait UIInterfaceOrientationPortraitUpsideDown UIInterfaceOrientationLandscapeLeft UIInterfaceOrientationLandscapeRight";
				INFOPLIST_KEY_UISupportedInterfaceOrientations_iPhone = "UIInterfaceOrientationPortrait UIInterfaceOrientationLandscapeLeft UIInterfaceOrientationLandscapeRight";
				LD_RUNPATH_SEARCH_PATHS = (
					"$(inherited)",
					"@executable_path/Frameworks",
				);
				MARKETING_VERSION = 1.0;
				PRODUCT_BUNDLE_IDENTIFIER = abc.NameChangeDemo;
				PRODUCT_NAME = "$(TARGET_NAME)";
				SWIFT_EMIT_LOC_STRINGS = YES;
				SWIFT_VERSION = 5.0;
				TARGETED_DEVICE_FAMILY = "1,2";
			};
			name = Release;
		};
		B43B55A52B56E9D8004DBB7E /* Debug */ = {
			isa = XCBuildConfiguration;
			buildSettings = {
				ALWAYS_EMBED_SWIFT_STANDARD_LIBRARIES = YES;
				BUNDLE_LOADER = "$(TEST_HOST)";
				CODE_SIGN_STYLE = Automatic;
				CURRENT_PROJECT_VERSION = 1;
				GENERATE_INFOPLIST_FILE = YES;
				IPHONEOS_DEPLOYMENT_TARGET = 17.0;
				MARKETING_VERSION = 1.0;
				PRODUCT_BUNDLE_IDENTIFIER = abc.NameChangeDemoTests;
				PRODUCT_NAME = "$(TARGET_NAME)";
				SWIFT_EMIT_LOC_STRINGS = NO;
				SWIFT_VERSION = 5.0;
				TARGETED_DEVICE_FAMILY = "1,2";
				TEST_HOST = "$(BUILT_PRODUCTS_DIR)/NameChangeDemo.app/$(BUNDLE_EXECUTABLE_FOLDER_PATH)/NameChangeDemo";
			};
			name = Debug;
		};
		B43B55A62B56E9D8004DBB7E /* Release */ = {
			isa = XCBuildConfiguration;
			buildSettings = {
				ALWAYS_EMBED_SWIFT_STANDARD_LIBRARIES = YES;
				BUNDLE_LOADER = "$(TEST_HOST)";
				CODE_SIGN_STYLE = Automatic;
				CURRENT_PROJECT_VERSION = 1;
				GENERATE_INFOPLIST_FILE = YES;
				IPHONEOS_DEPLOYMENT_TARGET = 17.0;
				MARKETING_VERSION = 1.0;
				PRODUCT_BUNDLE_IDENTIFIER = abc.NameChangeDemoTests;
				PRODUCT_NAME = "$(TARGET_NAME)";
				SWIFT_EMIT_LOC_STRINGS = NO;
				SWIFT_VERSION = 5.0;
				TARGETED_DEVICE_FAMILY = "1,2";
				TEST_HOST = "$(BUILT_PRODUCTS_DIR)/NameChangeDemo.app/$(BUNDLE_EXECUTABLE_FOLDER_PATH)/NameChangeDemo";
			};
			name = Release;
		};
		B43B55A82B56E9D8004DBB7E /* Debug */ = {
			isa = XCBuildConfiguration;
			buildSettings = {
				ALWAYS_EMBED_SWIFT_STANDARD_LIBRARIES = YES;
				CODE_SIGN_STYLE = Automatic;
				CURRENT_PROJECT_VERSION = 1;
				GENERATE_INFOPLIST_FILE = YES;
				MARKETING_VERSION = 1.0;
				PRODUCT_BUNDLE_IDENTIFIER = abc.NameChangeDemoUITests;
				PRODUCT_NAME = "$(TARGET_NAME)";
				SWIFT_EMIT_LOC_STRINGS = NO;
				SWIFT_VERSION = 5.0;
				TARGETED_DEVICE_FAMILY = "1,2";
				TEST_TARGET_NAME = NameChangeDemo;
			};
			name = Debug;
		};
		B43B55A92B56E9D8004DBB7E /* Release */ = {
			isa = XCBuildConfiguration;
			buildSettings = {
				ALWAYS_EMBED_SWIFT_STANDARD_LIBRARIES = YES;
				CODE_SIGN_STYLE = Automatic;
				CURRENT_PROJECT_VERSION = 1;
				GENERATE_INFOPLIST_FILE = YES;
				MARKETING_VERSION = 1.0;
				PRODUCT_BUNDLE_IDENTIFIER = abc.NameChangeDemoUITests;
				PRODUCT_NAME = "$(TARGET_NAME)";
				SWIFT_EMIT_LOC_STRINGS = NO;
				SWIFT_VERSION = 5.0;
				TARGETED_DEVICE_FAMILY = "1,2";
				TEST_TARGET_NAME = NameChangeDemo;
			};
			name = Release;
		};
/* End XCBuildConfiguration section */

/* Begin XCConfigurationList section */
		B43B55722B56E9D6004DBB7E /* Build configuration list for PBXProject "NameChangeDemo" */ = {
			isa = XCConfigurationList;
			buildConfigurations = (
				B43B559F2B56E9D8004DBB7E /* Debug */,
				B43B55A02B56E9D8004DBB7E /* Release */,
			);
			defaultConfigurationIsVisible = 0;
			defaultConfigurationName = Release;
		};
		B43B55A12B56E9D8004DBB7E /* Build configuration list for PBXNativeTarget "NameChangeDemo" */ = {
			isa = XCConfigurationList;
			buildConfigurations = (
				B43B55A22B56E9D8004DBB7E /* Debug */,
				B43B55A32B56E9D8004DBB7E /* Release */,
			);
			defaultConfigurationIsVisible = 0;
			defaultConfigurationName = Release;
		};
		B43B55A42B56E9D8004DBB7E /* Build configuration list for PBXNativeTarget "NameChangeDemoTests" */ = {
			isa = XCConfigurationList;
			buildConfigurations = (
				B43B55A52B56E9D8004DBB7E /* Debug */,
				B43B55A62B56E9D8004DBB7E /* Release */,
			);
			defaultConfigurationIsVisible = 0;
			defaultConfigurationName = Release;
		};
		B43B55A72B56E9D8004DBB7E /* Build configuration list for PBXNativeTarget "NameChangeDemoUITests" */ = {
			isa = XCConfigurationList;
			buildConfigurations = (
				B43B55A82B56E9D8004DBB7E /* Debug */,
				B43B55A92B56E9D8004DBB7E /* Release */,
			);
			defaultConfigurationIsVisible = 0;
			defaultConfigurationName = Release;
		};
/* End XCConfigurationList section */
	};
	rootObject = B43B556F2B56E9D6004DBB7E /* Project object */;
}
